// !$*UTF8*$!
{
	archiveVersion = 1;
	classes = {
	};
	objectVersion = 56;
	objects = {

/* Begin PBXBuildFile section */
		553A3DD52B326F0B00601EF7 /* AppDelegate.swift in Sources */ = {isa = PBXBuildFile; fileRef = 553A3DD42B326F0B00601EF7 /* AppDelegate.swift */; };
		553A3DD72B326F0B00601EF7 /* SceneDelegate.swift in Sources */ = {isa = PBXBuildFile; fileRef = 553A3DD62B326F0B00601EF7 /* SceneDelegate.swift */; };
		553A3DD92B326F0B00601EF7 /* ViewController.swift in Sources */ = {isa = PBXBuildFile; fileRef = 553A3DD82B326F0B00601EF7 /* ViewController.swift */; };
		553A3DDC2B326F0B00601EF7 /* Main.storyboard in Resources */ = {isa = PBXBuildFile; fileRef = 553A3DDA2B326F0B00601EF7 /* Main.storyboard */; };
		553A3DDE2B326F0B00601EF7 /* Assets.xcassets in Resources */ = {isa = PBXBuildFile; fileRef = 553A3DDD2B326F0B00601EF7 /* Assets.xcassets */; };
		553A3DE12B326F0B00601EF7 /* LaunchScreen.storyboard in Resources */ = {isa = PBXBuildFile; fileRef = 553A3DDF2B326F0B00601EF7 /* LaunchScreen.storyboard */; };
		553A3DEC2B326F0B00601EF7 /* Calculator_iOSTests.swift in Sources */ = {isa = PBXBuildFile; fileRef = 553A3DEB2B326F0B00601EF7 /* Calculator_iOSTests.swift */; };
		553A3DF62B326F0B00601EF7 /* Calculator_iOSUITests.swift in Sources */ = {isa = PBXBuildFile; fileRef = 553A3DF52B326F0B00601EF7 /* Calculator_iOSUITests.swift */; };
		553A3DF82B326F0B00601EF7 /* Calculator_iOSUITestsLaunchTests.swift in Sources */ = {isa = PBXBuildFile; fileRef = 553A3DF72B326F0B00601EF7 /* Calculator_iOSUITestsLaunchTests.swift */; };
/* End PBXBuildFile section */

/* Begin PBXContainerItemProxy section */
		553A3DE82B326F0B00601EF7 /* PBXContainerItemProxy */ = {
			isa = PBXContainerItemProxy;
			containerPortal = 553A3DC92B326F0B00601EF7 /* Project object */;
			proxyType = 1;
			remoteGlobalIDString = 553A3DD02B326F0B00601EF7;
			remoteInfo = "Calculator-iOS";
		};
		553A3DF22B326F0B00601EF7 /* PBXContainerItemProxy */ = {
			isa = PBXContainerItemProxy;
			containerPortal = 553A3DC92B326F0B00601EF7 /* Project object */;
			proxyType = 1;
			remoteGlobalIDString = 553A3DD02B326F0B00601EF7;
			remoteInfo = "Calculator-iOS";
		};
/* End PBXContainerItemProxy section */

/* Begin PBXFileReference section */
		553A3DD12B326F0B00601EF7 /* Calculator-iOS.app */ = {isa = PBXFileReference; explicitFileType = wrapper.application; includeInIndex = 0; path = "Calculator-iOS.app"; sourceTree = BUILT_PRODUCTS_DIR; };
		553A3DD42B326F0B00601EF7 /* AppDelegate.swift */ = {isa = PBXFileReference; lastKnownFileType = sourcecode.swift; path = AppDelegate.swift; sourceTree = "<group>"; };
		553A3DD62B326F0B00601EF7 /* SceneDelegate.swift */ = {isa = PBXFileReference; lastKnownFileType = sourcecode.swift; path = SceneDelegate.swift; sourceTree = "<group>"; };
		553A3DD82B326F0B00601EF7 /* ViewController.swift */ = {isa = PBXFileReference; lastKnownFileType = sourcecode.swift; path = ViewController.swift; sourceTree = "<group>"; };
		553A3DDB2B326F0B00601EF7 /* Base */ = {isa = PBXFileReference; lastKnownFileType = file.storyboard; name = Base; path = Base.lproj/Main.storyboard; sourceTree = "<group>"; };
		553A3DDD2B326F0B00601EF7 /* Assets.xcassets */ = {isa = PBXFileReference; lastKnownFileType = folder.assetcatalog; path = Assets.xcassets; sourceTree = "<group>"; };
		553A3DE02B326F0B00601EF7 /* Base */ = {isa = PBXFileReference; lastKnownFileType = file.storyboard; name = Base; path = Base.lproj/LaunchScreen.storyboard; sourceTree = "<group>"; };
		553A3DE22B326F0B00601EF7 /* Info.plist */ = {isa = PBXFileReference; lastKnownFileType = text.plist.xml; path = Info.plist; sourceTree = "<group>"; };
		553A3DE72B326F0B00601EF7 /* Calculator-iOSTests.xctest */ = {isa = PBXFileReference; explicitFileType = wrapper.cfbundle; includeInIndex = 0; path = "Calculator-iOSTests.xctest"; sourceTree = BUILT_PRODUCTS_DIR; };
		553A3DEB2B326F0B00601EF7 /* Calculator_iOSTests.swift */ = {isa = PBXFileReference; lastKnownFileType = sourcecode.swift; path = Calculator_iOSTests.swift; sourceTree = "<group>"; };
		553A3DF12B326F0B00601EF7 /* Calculator-iOSUITests.xctest */ = {isa = PBXFileReference; explicitFileType = wrapper.cfbundle; includeInIndex = 0; path = "Calculator-iOSUITests.xctest"; sourceTree = BUILT_PRODUCTS_DIR; };
		553A3DF52B326F0B00601EF7 /* Calculator_iOSUITests.swift */ = {isa = PBXFileReference; lastKnownFileType = sourcecode.swift; path = Calculator_iOSUITests.swift; sourceTree = "<group>"; };
		553A3DF72B326F0B00601EF7 /* Calculator_iOSUITestsLaunchTests.swift */ = {isa = PBXFileReference; lastKnownFileType = sourcecode.swift; path = Calculator_iOSUITestsLaunchTests.swift; sourceTree = "<group>"; };
/* End PBXFileReference section */

/* Begin PBXFrameworksBuildPhase section */
		553A3DCE2B326F0B00601EF7 /* Frameworks */ = {
			isa = PBXFrameworksBuildPhase;
			buildActionMask = 2147483647;
			files = (
			);
			runOnlyForDeploymentPostprocessing = 0;
		};
		553A3DE42B326F0B00601EF7 /* Frameworks */ = {
			isa = PBXFrameworksBuildPhase;
			buildActionMask = 2147483647;
			files = (
			);
			runOnlyForDeploymentPostprocessing = 0;
		};
		553A3DEE2B326F0B00601EF7 /* Frameworks */ = {
			isa = PBXFrameworksBuildPhase;
			buildActionMask = 2147483647;
			files = (
			);
			runOnlyForDeploymentPostprocessing = 0;
		};
/* End PBXFrameworksBuildPhase section */

/* Begin PBXGroup section */
		553A3DC82B326F0B00601EF7 = {
			isa = PBXGroup;
			children = (
				553A3DD32B326F0B00601EF7 /* Calculator-iOS */,
				553A3DEA2B326F0B00601EF7 /* Calculator-iOSTests */,
				553A3DF42B326F0B00601EF7 /* Calculator-iOSUITests */,
				553A3DD22B326F0B00601EF7 /* Products */,
			);
			sourceTree = "<group>";
		};
		553A3DD22B326F0B00601EF7 /* Products */ = {
			isa = PBXGroup;
			children = (
				553A3DD12B326F0B00601EF7 /* Calculator-iOS.app */,
				553A3DE72B326F0B00601EF7 /* Calculator-iOSTests.xctest */,
				553A3DF12B326F0B00601EF7 /* Calculator-iOSUITests.xctest */,
			);
			name = Products;
			sourceTree = "<group>";
		};
		553A3DD32B326F0B00601EF7 /* Calculator-iOS */ = {
			isa = PBXGroup;
			children = (
				553A3DD42B326F0B00601EF7 /* AppDelegate.swift */,
				553A3DD62B326F0B00601EF7 /* SceneDelegate.swift */,
				553A3DD82B326F0B00601EF7 /* ViewController.swift */,
				553A3DDA2B326F0B00601EF7 /* Main.storyboard */,
				553A3DDD2B326F0B00601EF7 /* Assets.xcassets */,
				553A3DDF2B326F0B00601EF7 /* LaunchScreen.storyboard */,
				553A3DE22B326F0B00601EF7 /* Info.plist */,
			);
			path = "Calculator-iOS";
			sourceTree = "<group>";
		};
		553A3DEA2B326F0B00601EF7 /* Calculator-iOSTests */ = {
			isa = PBXGroup;
			children = (
				553A3DEB2B326F0B00601EF7 /* Calculator_iOSTests.swift */,
			);
			path = "Calculator-iOSTests";
			sourceTree = "<group>";
		};
		553A3DF42B326F0B00601EF7 /* Calculator-iOSUITests */ = {
			isa = PBXGroup;
			children = (
				553A3DF52B326F0B00601EF7 /* Calculator_iOSUITests.swift */,
				553A3DF72B326F0B00601EF7 /* Calculator_iOSUITestsLaunchTests.swift */,
			);
			path = "Calculator-iOSUITests";
			sourceTree = "<group>";
		};
/* End PBXGroup section */

/* Begin PBXNativeTarget section */
		553A3DD02B326F0B00601EF7 /* Calculator-iOS */ = {
			isa = PBXNativeTarget;
			buildConfigurationList = 553A3DFB2B326F0B00601EF7 /* Build configuration list for PBXNativeTarget "Calculator-iOS" */;
			buildPhases = (
				553A3DCD2B326F0B00601EF7 /* Sources */,
				553A3DCE2B326F0B00601EF7 /* Frameworks */,
				553A3DCF2B326F0B00601EF7 /* Resources */,
			);
			buildRules = (
			);
			dependencies = (
			);
			name = "Calculator-iOS";
			productName = "Calculator-iOS";
			productReference = 553A3DD12B326F0B00601EF7 /* Calculator-iOS.app */;
			productType = "com.apple.product-type.application";
		};
		553A3DE62B326F0B00601EF7 /* Calculator-iOSTests */ = {
			isa = PBXNativeTarget;
			buildConfigurationList = 553A3DFE2B326F0B00601EF7 /* Build configuration list for PBXNativeTarget "Calculator-iOSTests" */;
			buildPhases = (
				553A3DE32B326F0B00601EF7 /* Sources */,
				553A3DE42B326F0B00601EF7 /* Frameworks */,
				553A3DE52B326F0B00601EF7 /* Resources */,
			);
			buildRules = (
			);
			dependencies = (
				553A3DE92B326F0B00601EF7 /* PBXTargetDependency */,
			);
			name = "Calculator-iOSTests";
			productName = "Calculator-iOSTests";
			productReference = 553A3DE72B326F0B00601EF7 /* Calculator-iOSTests.xctest */;
			productType = "com.apple.product-type.bundle.unit-test";
		};
		553A3DF02B326F0B00601EF7 /* Calculator-iOSUITests */ = {
			isa = PBXNativeTarget;
			buildConfigurationList = 553A3E012B326F0B00601EF7 /* Build configuration list for PBXNativeTarget "Calculator-iOSUITests" */;
			buildPhases = (
				553A3DED2B326F0B00601EF7 /* Sources */,
				553A3DEE2B326F0B00601EF7 /* Frameworks */,
				553A3DEF2B326F0B00601EF7 /* Resources */,
			);
			buildRules = (
			);
			dependencies = (
				553A3DF32B326F0B00601EF7 /* PBXTargetDependency */,
			);
			name = "Calculator-iOSUITests";
			productName = "Calculator-iOSUITests";
			productReference = 553A3DF12B326F0B00601EF7 /* Calculator-iOSUITests.xctest */;
			productType = "com.apple.product-type.bundle.ui-testing";
		};
/* End PBXNativeTarget section */

/* Begin PBXProject section */
		553A3DC92B326F0B00601EF7 /* Project object */ = {
			isa = PBXProject;
			attributes = {
				BuildIndependentTargetsInParallel = 1;
				LastSwiftUpdateCheck = 1510;
				LastUpgradeCheck = 1510;
				TargetAttributes = {
					553A3DD02B326F0B00601EF7 = {
						CreatedOnToolsVersion = 15.1;
					};
					553A3DE62B326F0B00601EF7 = {
						CreatedOnToolsVersion = 15.1;
						TestTargetID = 553A3DD02B326F0B00601EF7;
					};
					553A3DF02B326F0B00601EF7 = {
						CreatedOnToolsVersion = 15.1;
						TestTargetID = 553A3DD02B326F0B00601EF7;
					};
				};
			};
			buildConfigurationList = 553A3DCC2B326F0B00601EF7 /* Build configuration list for PBXProject "Calculator-iOS" */;
			compatibilityVersion = "Xcode 14.0";
			developmentRegion = en;
			hasScannedForEncodings = 0;
			knownRegions = (
				en,
				Base,
			);
			mainGroup = 553A3DC82B326F0B00601EF7;
			productRefGroup = 553A3DD22B326F0B00601EF7 /* Products */;
			projectDirPath = "";
			projectRoot = "";
			targets = (
				553A3DD02B326F0B00601EF7 /* Calculator-iOS */,
				553A3DE62B326F0B00601EF7 /* Calculator-iOSTests */,
				553A3DF02B326F0B00601EF7 /* Calculator-iOSUITests */,
			);
		};
/* End PBXProject section */

/* Begin PBXResourcesBuildPhase section */
		553A3DCF2B326F0B00601EF7 /* Resources */ = {
			isa = PBXResourcesBuildPhase;
			buildActionMask = 2147483647;
			files = (
				553A3DE12B326F0B00601EF7 /* LaunchScreen.storyboard in Resources */,
				553A3DDE2B326F0B00601EF7 /* Assets.xcassets in Resources */,
				553A3DDC2B326F0B00601EF7 /* Main.storyboard in Resources */,
			);
			runOnlyForDeploymentPostprocessing = 0;
		};
		553A3DE52B326F0B00601EF7 /* Resources */ = {
			isa = PBXResourcesBuildPhase;
			buildActionMask = 2147483647;
			files = (
			);
			runOnlyForDeploymentPostprocessing = 0;
		};
		553A3DEF2B326F0B00601EF7 /* Resources */ = {
			isa = PBXResourcesBuildPhase;
			buildActionMask = 2147483647;
			files = (
			);
			runOnlyForDeploymentPostprocessing = 0;
		};
/* End PBXResourcesBuildPhase section */

/* Begin PBXSourcesBuildPhase section */
		553A3DCD2B326F0B00601EF7 /* Sources */ = {
			isa = PBXSourcesBuildPhase;
			buildActionMask = 2147483647;
			files = (
				553A3DD92B326F0B00601EF7 /* ViewController.swift in Sources */,
				553A3DD52B326F0B00601EF7 /* AppDelegate.swift in Sources */,
				553A3DD72B326F0B00601EF7 /* SceneDelegate.swift in Sources */,
			);
			runOnlyForDeploymentPostprocessing = 0;
		};
		553A3DE32B326F0B00601EF7 /* Sources */ = {
			isa = PBXSourcesBuildPhase;
			buildActionMask = 2147483647;
			files = (
				553A3DEC2B326F0B00601EF7 /* Calculator_iOSTests.swift in Sources */,
			);
			runOnlyForDeploymentPostprocessing = 0;
		};
		553A3DED2B326F0B00601EF7 /* Sources */ = {
			isa = PBXSourcesBuildPhase;
			buildActionMask = 2147483647;
			files = (
				553A3DF82B326F0B00601EF7 /* Calculator_iOSUITestsLaunchTests.swift in Sources */,
				553A3DF62B326F0B00601EF7 /* Calculator_iOSUITests.swift in Sources */,
			);
			runOnlyForDeploymentPostprocessing = 0;
		};
/* End PBXSourcesBuildPhase section */

/* Begin PBXTargetDependency section */
		553A3DE92B326F0B00601EF7 /* PBXTargetDependency */ = {
			isa = PBXTargetDependency;
			target = 553A3DD02B326F0B00601EF7 /* Calculator-iOS */;
			targetProxy = 553A3DE82B326F0B00601EF7 /* PBXContainerItemProxy */;
		};
		553A3DF32B326F0B00601EF7 /* PBXTargetDependency */ = {
			isa = PBXTargetDependency;
			target = 553A3DD02B326F0B00601EF7 /* Calculator-iOS */;
			targetProxy = 553A3DF22B326F0B00601EF7 /* PBXContainerItemProxy */;
		};
/* End PBXTargetDependency section */

/* Begin PBXVariantGroup section */
		553A3DDA2B326F0B00601EF7 /* Main.storyboard */ = {
			isa = PBXVariantGroup;
			children = (
				553A3DDB2B326F0B00601EF7 /* Base */,
			);
			name = Main.storyboard;
			sourceTree = "<group>";
		};
		553A3DDF2B326F0B00601EF7 /* LaunchScreen.storyboard */ = {
			isa = PBXVariantGroup;
			children = (
				553A3DE02B326F0B00601EF7 /* Base */,
			);
			name = LaunchScreen.storyboard;
			sourceTree = "<group>";
		};
/* End PBXVariantGroup section */

/* Begin XCBuildConfiguration section */
		553A3DF92B326F0B00601EF7 /* Debug */ = {
			isa = XCBuildConfiguration;
			buildSettings = {
				ALWAYS_SEARCH_USER_PATHS = NO;
				ASSETCATALOG_COMPILER_GENERATE_SWIFT_ASSET_SYMBOL_EXTENSIONS = YES;
				CLANG_ANALYZER_NONNULL = YES;
				CLANG_ANALYZER_NUMBER_OBJECT_CONVERSION = YES_AGGRESSIVE;
				CLANG_CXX_LANGUAGE_STANDARD = "gnu++20";
				CLANG_ENABLE_MODULES = YES;
				CLANG_ENABLE_OBJC_ARC = YES;
				CLANG_ENABLE_OBJC_WEAK = YES;
				CLANG_WARN_BLOCK_CAPTURE_AUTORELEASING = YES;
				CLANG_WARN_BOOL_CONVERSION = YES;
				CLANG_WARN_COMMA = YES;
				CLANG_WARN_CONSTANT_CONVERSION = YES;
				CLANG_WARN_DEPRECATED_OBJC_IMPLEMENTATIONS = YES;
				CLANG_WARN_DIRECT_OBJC_ISA_USAGE = YES_ERROR;
				CLANG_WARN_DOCUMENTATION_COMMENTS = YES;
				CLANG_WARN_EMPTY_BODY = YES;
				CLANG_WARN_ENUM_CONVERSION = YES;
				CLANG_WARN_INFINITE_RECURSION = YES;
				CLANG_WARN_INT_CONVERSION = YES;
				CLANG_WARN_NON_LITERAL_NULL_CONVERSION = YES;
				CLANG_WARN_OBJC_IMPLICIT_RETAIN_SELF = YES;
				CLANG_WARN_OBJC_LITERAL_CONVERSION = YES;
				CLANG_WARN_OBJC_ROOT_CLASS = YES_ERROR;
				CLANG_WARN_QUOTED_INCLUDE_IN_FRAMEWORK_HEADER = YES;
				CLANG_WARN_RANGE_LOOP_ANALYSIS = YES;
				CLANG_WARN_STRICT_PROTOTYPES = YES;
				CLANG_WARN_SUSPICIOUS_MOVE = YES;
				CLANG_WARN_UNGUARDED_AVAILABILITY = YES_AGGRESSIVE;
				CLANG_WARN_UNREACHABLE_CODE = YES;
				CLANG_WARN__DUPLICATE_METHOD_MATCH = YES;
				COPY_PHASE_STRIP = NO;
				DEBUG_INFORMATION_FORMAT = dwarf;
				ENABLE_STRICT_OBJC_MSGSEND = YES;
				ENABLE_TESTABILITY = YES;
				ENABLE_USER_SCRIPT_SANDBOXING = YES;
				GCC_C_LANGUAGE_STANDARD = gnu17;
				GCC_DYNAMIC_NO_PIC = NO;
				GCC_NO_COMMON_BLOCKS = YES;
				GCC_OPTIMIZATION_LEVEL = 0;
				GCC_PREPROCESSOR_DEFINITIONS = (
					"DEBUG=1",
					"$(inherited)",
				);
				GCC_WARN_64_TO_32_BIT_CONVERSION = YES;
				GCC_WARN_ABOUT_RETURN_TYPE = YES_ERROR;
				GCC_WARN_UNDECLARED_SELECTOR = YES;
				GCC_WARN_UNINITIALIZED_AUTOS = YES_AGGRESSIVE;
				GCC_WARN_UNUSED_FUNCTION = YES;
				GCC_WARN_UNUSED_VARIABLE = YES;
				IPHONEOS_DEPLOYMENT_TARGET = 17.2;
				LOCALIZATION_PREFERS_STRING_CATALOGS = YES;
				MTL_ENABLE_DEBUG_INFO = INCLUDE_SOURCE;
				MTL_FAST_MATH = YES;
				ONLY_ACTIVE_ARCH = YES;
				SDKROOT = iphoneos;
				SWIFT_ACTIVE_COMPILATION_CONDITIONS = "DEBUG $(inherited)";
				SWIFT_OPTIMIZATION_LEVEL = "-Onone";
			};
			name = Debug;
		};
		553A3DFA2B326F0B00601EF7 /* Release */ = {
			isa = XCBuildConfiguration;
			buildSettings = {
				ALWAYS_SEARCH_USER_PATHS = NO;
				ASSETCATALOG_COMPILER_GENERATE_SWIFT_ASSET_SYMBOL_EXTENSIONS = YES;
				CLANG_ANALYZER_NONNULL = YES;
				CLANG_ANALYZER_NUMBER_OBJECT_CONVERSION = YES_AGGRESSIVE;
				CLANG_CXX_LANGUAGE_STANDARD = "gnu++20";
				CLANG_ENABLE_MODULES = YES;
				CLANG_ENABLE_OBJC_ARC = YES;
				CLANG_ENABLE_OBJC_WEAK = YES;
				CLANG_WARN_BLOCK_CAPTURE_AUTORELEASING = YES;
				CLANG_WARN_BOOL_CONVERSION = YES;
				CLANG_WARN_COMMA = YES;
				CLANG_WARN_CONSTANT_CONVERSION = YES;
				CLANG_WARN_DEPRECATED_OBJC_IMPLEMENTATIONS = YES;
				CLANG_WARN_DIRECT_OBJC_ISA_USAGE = YES_ERROR;
				CLANG_WARN_DOCUMENTATION_COMMENTS = YES;
				CLANG_WARN_EMPTY_BODY = YES;
				CLANG_WARN_ENUM_CONVERSION = YES;
				CLANG_WARN_INFINITE_RECURSION = YES;
				CLANG_WARN_INT_CONVERSION = YES;
				CLANG_WARN_NON_LITERAL_NULL_CONVERSION = YES;
				CLANG_WARN_OBJC_IMPLICIT_RETAIN_SELF = YES;
				CLANG_WARN_OBJC_LITERAL_CONVERSION = YES;
				CLANG_WARN_OBJC_ROOT_CLASS = YES_ERROR;
				CLANG_WARN_QUOTED_INCLUDE_IN_FRAMEWORK_HEADER = YES;
				CLANG_WARN_RANGE_LOOP_ANALYSIS = YES;
				CLANG_WARN_STRICT_PROTOTYPES = YES;
				CLANG_WARN_SUSPICIOUS_MOVE = YES;
				CLANG_WARN_UNGUARDED_AVAILABILITY = YES_AGGRESSIVE;
				CLANG_WARN_UNREACHABLE_CODE = YES;
				CLANG_WARN__DUPLICATE_METHOD_MATCH = YES;
				COPY_PHASE_STRIP = NO;
				DEBUG_INFORMATION_FORMAT = "dwarf-with-dsym";
				ENABLE_NS_ASSERTIONS = NO;
				ENABLE_STRICT_OBJC_MSGSEND = YES;
				ENABLE_USER_SCRIPT_SANDBOXING = YES;
				GCC_C_LANGUAGE_STANDARD = gnu17;
				GCC_NO_COMMON_BLOCKS = YES;
				GCC_WARN_64_TO_32_BIT_CONVERSION = YES;
				GCC_WARN_ABOUT_RETURN_TYPE = YES_ERROR;
				GCC_WARN_UNDECLARED_SELECTOR = YES;
				GCC_WARN_UNINITIALIZED_AUTOS = YES_AGGRESSIVE;
				GCC_WARN_UNUSED_FUNCTION = YES;
				GCC_WARN_UNUSED_VARIABLE = YES;
				IPHONEOS_DEPLOYMENT_TARGET = 17.2;
				LOCALIZATION_PREFERS_STRING_CATALOGS = YES;
				MTL_ENABLE_DEBUG_INFO = NO;
				MTL_FAST_MATH = YES;
				SDKROOT = iphoneos;
				SWIFT_COMPILATION_MODE = wholemodule;
				VALIDATE_PRODUCT = YES;
			};
			name = Release;
		};
		553A3DFC2B326F0B00601EF7 /* Debug */ = {
			isa = XCBuildConfiguration;
			buildSettings = {
				ASSETCATALOG_COMPILER_APPICON_NAME = AppIcon;
				ASSETCATALOG_COMPILER_GLOBAL_ACCENT_COLOR_NAME = AccentColor;
				CODE_SIGN_STYLE = Automatic;
				CURRENT_PROJECT_VERSION = 1;
				DEVELOPMENT_TEAM = NLBD234J23;
				GENERATE_INFOPLIST_FILE = YES;
				INFOPLIST_FILE = "Calculator-iOS/Info.plist";
				INFOPLIST_KEY_UIApplicationSupportsIndirectInputEvents = YES;
				INFOPLIST_KEY_UILaunchStoryboardName = LaunchScreen;
				INFOPLIST_KEY_UIMainStoryboardFile = Main;
				INFOPLIST_KEY_UISupportedInterfaceOrientations_iPad = "UIInterfaceOrientationPortrait UIInterfaceOrientationPortraitUpsideDown UIInterfaceOrientationLandscapeLeft UIInterfaceOrientationLandscapeRight";
				INFOPLIST_KEY_UISupportedInterfaceOrientations_iPhone = "UIInterfaceOrientationPortrait UIInterfaceOrientationLandscapeLeft UIInterfaceOrientationLandscapeRight";
				LD_RUNPATH_SEARCH_PATHS = (
					"$(inherited)",
					"@executable_path/Frameworks",
				);
				MARKETING_VERSION = 1.0;
				PRODUCT_BUNDLE_IDENTIFIER = "com.mdoc.Calculator-iOS";
				PRODUCT_NAME = "$(TARGET_NAME)";
				SWIFT_EMIT_LOC_STRINGS = YES;
				SWIFT_VERSION = 5.0;
				TARGETED_DEVICE_FAMILY = "1,2";
			};
			name = Debug;
		};
		553A3DFD2B326F0B00601EF7 /* Release */ = {
			isa = XCBuildConfiguration;
			buildSettings = {
				ASSETCATALOG_COMPILER_APPICON_NAME = AppIcon;
				ASSETCATALOG_COMPILER_GLOBAL_ACCENT_COLOR_NAME = AccentColor;
				CODE_SIGN_STYLE = Automatic;
				CURRENT_PROJECT_VERSION = 1;
				DEVELOPMENT_TEAM = NLBD234J23;
				GENERATE_INFOPLIST_FILE = YES;
				INFOPLIST_FILE = "Calculator-iOS/Info.plist";
				INFOPLIST_KEY_UIApplicationSupportsIndirectInputEvents = YES;
				INFOPLIST_KEY_UILaunchStoryboardName = LaunchScreen;
				INFOPLIST_KEY_UIMainStoryboardFile = Main;
				INFOPLIST_KEY_UISupportedInterfaceOrientations_iPad = "UIInterfaceOrientationPortrait UIInterfaceOrientationPortraitUpsideDown UIInterfaceOrientationLandscapeLeft UIInterfaceOrientationLandscapeRight";
				INFOPLIST_KEY_UISupportedInterfaceOrientations_iPhone = "UIInterfaceOrientationPortrait UIInterfaceOrientationLandscapeLeft UIInterfaceOrientationLandscapeRight";
				LD_RUNPATH_SEARCH_PATHS = (
					"$(inherited)",
					"@executable_path/Frameworks",
				);
				MARKETING_VERSION = 1.0;
				PRODUCT_BUNDLE_IDENTIFIER = "com.mdoc.Calculator-iOS";
				PRODUCT_NAME = "$(TARGET_NAME)";
				SWIFT_EMIT_LOC_STRINGS = YES;
				SWIFT_VERSION = 5.0;
				TARGETED_DEVICE_FAMILY = "1,2";
			};
			name = Release;
		};
		553A3DFF2B326F0B00601EF7 /* Debug */ = {
			isa = XCBuildConfiguration;
			buildSettings = {
				ALWAYS_EMBED_SWIFT_STANDARD_LIBRARIES = YES;
				BUNDLE_LOADER = "$(TEST_HOST)";
				CODE_SIGN_STYLE = Automatic;
				CURRENT_PROJECT_VERSION = 1;
				DEVELOPMENT_TEAM = NLBD234J23;
				GENERATE_INFOPLIST_FILE = YES;
				IPHONEOS_DEPLOYMENT_TARGET = 17.2;
				MARKETING_VERSION = 1.0;
				PRODUCT_BUNDLE_IDENTIFIER = "com.mdoc.Calculator-iOSTests";
				PRODUCT_NAME = "$(TARGET_NAME)";
				SWIFT_EMIT_LOC_STRINGS = NO;
				SWIFT_VERSION = 5.0;
				TARGETED_DEVICE_FAMILY = "1,2";
				TEST_HOST = "$(BUILT_PRODUCTS_DIR)/Calculator-iOS.app/$(BUNDLE_EXECUTABLE_FOLDER_PATH)/Calculator-iOS";
			};
			name = Debug;
		};
		553A3E002B326F0B00601EF7 /* Release */ = {
			isa = XCBuildConfiguration;
			buildSettings = {
				ALWAYS_EMBED_SWIFT_STANDARD_LIBRARIES = YES;
				BUNDLE_LOADER = "$(TEST_HOST)";
				CODE_SIGN_STYLE = Automatic;
				CURRENT_PROJECT_VERSION = 1;
				DEVELOPMENT_TEAM = NLBD234J23;
				GENERATE_INFOPLIST_FILE = YES;
				IPHONEOS_DEPLOYMENT_TARGET = 17.2;
				MARKETING_VERSION = 1.0;
				PRODUCT_BUNDLE_IDENTIFIER = "com.mdoc.Calculator-iOSTests";
				PRODUCT_NAME = "$(TARGET_NAME)";
				SWIFT_EMIT_LOC_STRINGS = NO;
				SWIFT_VERSION = 5.0;
				TARGETED_DEVICE_FAMILY = "1,2";
				TEST_HOST = "$(BUILT_PRODUCTS_DIR)/Calculator-iOS.app/$(BUNDLE_EXECUTABLE_FOLDER_PATH)/Calculator-iOS";
			};
			name = Release;
		};
		553A3E022B326F0B00601EF7 /* Debug */ = {
			isa = XCBuildConfiguration;
			buildSettings = {
				ALWAYS_EMBED_SWIFT_STANDARD_LIBRARIES = YES;
				CODE_SIGN_STYLE = Automatic;
				CURRENT_PROJECT_VERSION = 1;
				DEVELOPMENT_TEAM = NLBD234J23;
				GENERATE_INFOPLIST_FILE = YES;
				MARKETING_VERSION = 1.0;
				PRODUCT_BUNDLE_IDENTIFIER = "com.mdoc.Calculator-iOSUITests";
				PRODUCT_NAME = "$(TARGET_NAME)";
				SWIFT_EMIT_LOC_STRINGS = NO;
				SWIFT_VERSION = 5.0;
				TARGETED_DEVICE_FAMILY = "1,2";
				TEST_TARGET_NAME = "Calculator-iOS";
			};
			name = Debug;
		};
		553A3E032B326F0B00601EF7 /* Release */ = {
			isa = XCBuildConfiguration;
			buildSettings = {
				ALWAYS_EMBED_SWIFT_STANDARD_LIBRARIES = YES;
				CODE_SIGN_STYLE = Automatic;
				CURRENT_PROJECT_VERSION = 1;
				DEVELOPMENT_TEAM = NLBD234J23;
				GENERATE_INFOPLIST_FILE = YES;
				MARKETING_VERSION = 1.0;
				PRODUCT_BUNDLE_IDENTIFIER = "com.mdoc.Calculator-iOSUITests";
				PRODUCT_NAME = "$(TARGET_NAME)";
				SWIFT_EMIT_LOC_STRINGS = NO;
				SWIFT_VERSION = 5.0;
				TARGETED_DEVICE_FAMILY = "1,2";
				TEST_TARGET_NAME = "Calculator-iOS";
			};
			name = Release;
		};
/* End XCBuildConfiguration section */

/* Begin XCConfigurationList section */
		553A3DCC2B326F0B00601EF7 /* Build configuration list for PBXProject "Calculator-iOS" */ = {
			isa = XCConfigurationList;
			buildConfigurations = (
				553A3DF92B326F0B00601EF7 /* Debug */,
				553A3DFA2B326F0B00601EF7 /* Release */,
			);
			defaultConfigurationIsVisible = 0;
			defaultConfigurationName = Release;
		};
		553A3DFB2B326F0B00601EF7 /* Build configuration list for PBXNativeTarget "Calculator-iOS" */ = {
			isa = XCConfigurationList;
			buildConfigurations = (
				553A3DFC2B326F0B00601EF7 /* Debug */,
				553A3DFD2B326F0B00601EF7 /* Release */,
			);
			defaultConfigurationIsVisible = 0;
			defaultConfigurationName = Release;
		};
		553A3DFE2B326F0B00601EF7 /* Build configuration list for PBXNativeTarget "Calculator-iOSTests" */ = {
			isa = XCConfigurationList;
			buildConfigurations = (
				553A3DFF2B326F0B00601EF7 /* Debug */,
				553A3E002B326F0B00601EF7 /* Release */,
			);
			defaultConfigurationIsVisible = 0;
			defaultConfigurationName = Release;
		};
		553A3E012B326F0B00601EF7 /* Build configuration list for PBXNativeTarget "Calculator-iOSUITests" */ = {
			isa = XCConfigurationList;
			buildConfigurations = (
				553A3E022B326F0B00601EF7 /* Debug */,
				553A3E032B326F0B00601EF7 /* Release */,
			);
			defaultConfigurationIsVisible = 0;
			defaultConfigurationName = Release;
		};
/* End XCConfigurationList section */
	};
	rootObject = 553A3DC92B326F0B00601EF7 /* Project object */;
}
